
Microsoft Visual Studio Solution File, Format Version 12.00
# Visual Studio Version 17
VisualStudioVersion = 17.9.34902.65
MinimumVisualStudioVersion = 10.0.40219.1
Project("{FAE04EC0-301F-11D3-BF4B-00C04F79EFBC}") = "NSK_FoodCity", "NSK_FoodCity\NSK_FoodCity.csproj", "{037D53BF-FFD8-4EB4-8F79-58AAECC6FD12}"
EndProject
Global
	GlobalSection(SolutionConfigurationPlatforms) = preSolution
		Debug|Any CPU = Debug|Any CPU
		Release|Any CPU = Release|Any CPU
	EndGlobalSection
	GlobalSection(ProjectConfigurationPlatforms) = postSolution
		{037D53BF-FFD8-4EB4-8F79-58AAECC6FD12}.Debug|Any CPU.ActiveCfg = Debug|Any CPU
		{037D53BF-FFD8-4EB4-8F79-58AAECC6FD12}.Debug|Any CPU.Build.0 = Debug|Any CPU
		{037D53BF-FFD8-4EB4-8F79-58AAECC6FD12}.Release|Any CPU.ActiveCfg = Release|Any CPU
		{037D53BF-FFD8-4EB4-8F79-58AAECC6FD12}.Release|Any CPU.Build.0 = Release|Any CPU
	EndGlobalSection
	GlobalSection(SolutionProperties) = preSolution
		HideSolutionNode = FALSE
	EndGlobalSection
	GlobalSection(ExtensibilityGlobals) = postSolution
		SolutionGuid = {80B70BDC-4023-4A69-A22A-F4C1F0D9D071}
	EndGlobalSection
EndGlobal
